
Microsoft Visual Studio Solution File, Format Version 12.00
# Visual Studio 14
VisualStudioVersion = 14.0.25420.1
MinimumVisualStudioVersion = 10.0.40219.1
Project("{2150E333-8FDC-42A3-9474-1A3956D46DE8}") = "src", "src", "{060ABC4C-EE19-402E-8CA2-BE8C769E01F5}"
EndProject
Project("{2150E333-8FDC-42A3-9474-1A3956D46DE8}") = "Solution Items", "Solution Items", "{29BF8EA8-1015-499B-8701-A12DA4B249C1}"
	ProjectSection(SolutionItems) = preProject
		global.json = global.json
	EndProjectSection
EndProject
Project("{8BB2217D-0F2D-49D1-97BC-3654ED321F3B}") = "Frontend", "src\Frontend\Frontend.xproj", "{6295072E-216F-4126-969C-B2EACE1AABCC}"
EndProject
Project("{8BB2217D-0F2D-49D1-97BC-3654ED321F3B}") = "Backend", "src\Backend\Backend.xproj", "{29C65A23-FBE2-46AC-BF4C-8ECCE8D724F9}"
EndProject
Global
	GlobalSection(SolutionConfigurationPlatforms) = preSolution
		Debug|Any CPU = Debug|Any CPU
		Release|Any CPU = Release|Any CPU
	EndGlobalSection
	GlobalSection(ProjectConfigurationPlatforms) = postSolution
		{6295072E-216F-4126-969C-B2EACE1AABCC}.Debug|Any CPU.ActiveCfg = Debug|Any CPU
		{6295072E-216F-4126-969C-B2EACE1AABCC}.Debug|Any CPU.Build.0 = Debug|Any CPU
		{6295072E-216F-4126-969C-B2EACE1AABCC}.Release|Any CPU.ActiveCfg = Release|Any CPU
		{6295072E-216F-4126-969C-B2EACE1AABCC}.Release|Any CPU.Build.0 = Release|Any CPU
		{29C65A23-FBE2-46AC-BF4C-8ECCE8D724F9}.Debug|Any CPU.ActiveCfg = Debug|Any CPU
		{29C65A23-FBE2-46AC-BF4C-8ECCE8D724F9}.Debug|Any CPU.Build.0 = Debug|Any CPU
		{29C65A23-FBE2-46AC-BF4C-8ECCE8D724F9}.Release|Any CPU.ActiveCfg = Release|Any CPU
		{29C65A23-FBE2-46AC-BF4C-8ECCE8D724F9}.Release|Any CPU.Build.0 = Release|Any CPU
	EndGlobalSection
	GlobalSection(SolutionProperties) = preSolution
		HideSolutionNode = FALSE
	EndGlobalSection
	GlobalSection(NestedProjects) = preSolution
		{6295072E-216F-4126-969C-B2EACE1AABCC} = {060ABC4C-EE19-402E-8CA2-BE8C769E01F5}
		{29C65A23-FBE2-46AC-BF4C-8ECCE8D724F9} = {060ABC4C-EE19-402E-8CA2-BE8C769E01F5}
	EndGlobalSection
EndGlobal
